// !$*UTF8*$!
{
	archiveVersion = 1;
	classes = {
	};
	objectVersion = 46;
	objects = {

/* Begin PBXBuildFile section */
		326F1CFF1C3A51F4001844F8 /* main.m in Sources */ = {isa = PBXBuildFile; fileRef = 326F1CFE1C3A51F4001844F8 /* main.m */; };
		326F1D021C3A51F4001844F8 /* AppDelegate.m in Sources */ = {isa = PBXBuildFile; fileRef = 326F1D011C3A51F4001844F8 /* AppDelegate.m */; };
		326F1D081C3A51F4001844F8 /* Main.storyboard in Resources */ = {isa = PBXBuildFile; fileRef = 326F1D061C3A51F4001844F8 /* Main.storyboard */; };
		326F1D0A1C3A51F4001844F8 /* Assets.xcassets in Resources */ = {isa = PBXBuildFile; fileRef = 326F1D091C3A51F4001844F8 /* Assets.xcassets */; };
		326F1D0D1C3A51F4001844F8 /* LaunchScreen.storyboard in Resources */ = {isa = PBXBuildFile; fileRef = 326F1D0B1C3A51F4001844F8 /* LaunchScreen.storyboard */; };
		326F1D181C3A51F4001844F8 /* HTMLtoiOSTests.m in Sources */ = {isa = PBXBuildFile; fileRef = 326F1D171C3A51F4001844F8 /* HTMLtoiOSTests.m */; };
		326F1D231C3A51F5001844F8 /* HTMLtoiOSUITests.m in Sources */ = {isa = PBXBuildFile; fileRef = 326F1D221C3A51F5001844F8 /* HTMLtoiOSUITests.m */; };
		326F1D311C3A5365001844F8 /* www in Resources */ = {isa = PBXBuildFile; fileRef = 326F1D301C3A5365001844F8 /* www */; };
		326F1D371C3A5884001844F8 /* WebViewController.m in Sources */ = {isa = PBXBuildFile; fileRef = 326F1D361C3A5884001844F8 /* WebViewController.m */; };
		326F1D3A1C3A5D1B001844F8 /* MyViewController.m in Sources */ = {isa = PBXBuildFile; fileRef = 326F1D391C3A5D1B001844F8 /* MyViewController.m */; };
/* End PBXBuildFile section */

/* Begin PBXContainerItemProxy section */
		326F1D141C3A51F4001844F8 /* PBXContainerItemProxy */ = {
			isa = PBXContainerItemProxy;
			containerPortal = 326F1CF21C3A51F4001844F8 /* Project object */;
			proxyType = 1;
			remoteGlobalIDString = 326F1CF91C3A51F4001844F8;
			remoteInfo = HTMLtoiOS;
		};
		326F1D1F1C3A51F4001844F8 /* PBXContainerItemProxy */ = {
			isa = PBXContainerItemProxy;
			containerPortal = 326F1CF21C3A51F4001844F8 /* Project object */;
			proxyType = 1;
			remoteGlobalIDString = 326F1CF91C3A51F4001844F8;
			remoteInfo = HTMLtoiOS;
		};
/* End PBXContainerItemProxy section */

/* Begin PBXFileReference section */
		326F1CFA1C3A51F4001844F8 /* HTMLtoiOS.app */ = {isa = PBXFileReference; explicitFileType = wrapper.application; includeInIndex = 0; path = HTMLtoiOS.app; sourceTree = BUILT_PRODUCTS_DIR; };
		326F1CFE1C3A51F4001844F8 /* main.m */ = {isa = PBXFileReference; lastKnownFileType = sourcecode.c.objc; path = main.m; sourceTree = "<group>"; };
		326F1D001C3A51F4001844F8 /* AppDelegate.h */ = {isa = PBXFileReference; lastKnownFileType = sourcecode.c.h; path = AppDelegate.h; sourceTree = "<group>"; };
		326F1D011C3A51F4001844F8 /* AppDelegate.m */ = {isa = PBXFileReference; lastKnownFileType = sourcecode.c.objc; path = AppDelegate.m; sourceTree = "<group>"; };
		326F1D071C3A51F4001844F8 /* Base */ = {isa = PBXFileReference; lastKnownFileType = file.storyboard; name = Base; path = Base.lproj/Main.storyboard; sourceTree = "<group>"; };
		326F1D091C3A51F4001844F8 /* Assets.xcassets */ = {isa = PBXFileReference; lastKnownFileType = folder.assetcatalog; path = Assets.xcassets; sourceTree = "<group>"; };
		326F1D0C1C3A51F4001844F8 /* Base */ = {isa = PBXFileReference; lastKnownFileType = file.storyboard; name = Base; path = Base.lproj/LaunchScreen.storyboard; sourceTree = "<group>"; };
		326F1D0E1C3A51F4001844F8 /* Info.plist */ = {isa = PBXFileReference; lastKnownFileType = text.plist.xml; path = Info.plist; sourceTree = "<group>"; };
		326F1D131C3A51F4001844F8 /* HTMLtoiOSTests.xctest */ = {isa = PBXFileReference; explicitFileType = wrapper.cfbundle; includeInIndex = 0; path = HTMLtoiOSTests.xctest; sourceTree = BUILT_PRODUCTS_DIR; };
		326F1D171C3A51F4001844F8 /* HTMLtoiOSTests.m */ = {isa = PBXFileReference; lastKnownFileType = sourcecode.c.objc; path = HTMLtoiOSTests.m; sourceTree = "<group>"; };
		326F1D191C3A51F4001844F8 /* Info.plist */ = {isa = PBXFileReference; lastKnownFileType = text.plist.xml; path = Info.plist; sourceTree = "<group>"; };
		326F1D1E1C3A51F4001844F8 /* HTMLtoiOSUITests.xctest */ = {isa = PBXFileReference; explicitFileType = wrapper.cfbundle; includeInIndex = 0; path = HTMLtoiOSUITests.xctest; sourceTree = BUILT_PRODUCTS_DIR; };
		326F1D221C3A51F5001844F8 /* HTMLtoiOSUITests.m */ = {isa = PBXFileReference; lastKnownFileType = sourcecode.c.objc; path = HTMLtoiOSUITests.m; sourceTree = "<group>"; };
		326F1D241C3A51F5001844F8 /* Info.plist */ = {isa = PBXFileReference; lastKnownFileType = text.plist.xml; path = Info.plist; sourceTree = "<group>"; };
		326F1D301C3A5365001844F8 /* www */ = {isa = PBXFileReference; lastKnownFileType = folder; path = www; sourceTree = "<group>"; };
		326F1D351C3A5884001844F8 /* WebViewController.h */ = {isa = PBXFileReference; fileEncoding = 4; lastKnownFileType = sourcecode.c.h; path = WebViewController.h; sourceTree = "<group>"; };
		326F1D361C3A5884001844F8 /* WebViewController.m */ = {isa = PBXFileReference; fileEncoding = 4; lastKnownFileType = sourcecode.c.objc; path = WebViewController.m; sourceTree = "<group>"; };
		326F1D381C3A5D1B001844F8 /* MyViewController.h */ = {isa = PBXFileReference; fileEncoding = 4; lastKnownFileType = sourcecode.c.h; path = MyViewController.h; sourceTree = "<group>"; };
		326F1D391C3A5D1B001844F8 /* MyViewController.m */ = {isa = PBXFileReference; fileEncoding = 4; lastKnownFileType = sourcecode.c.objc; path = MyViewController.m; sourceTree = "<group>"; };
/* End PBXFileReference section */

/* Begin PBXFrameworksBuildPhase section */
		326F1CF71C3A51F4001844F8 /* Frameworks */ = {
			isa = PBXFrameworksBuildPhase;
			buildActionMask = 2147483647;
			files = (
			);
			runOnlyForDeploymentPostprocessing = 0;
		};
		326F1D101C3A51F4001844F8 /* Frameworks */ = {
			isa = PBXFrameworksBuildPhase;
			buildActionMask = 2147483647;
			files = (
			);
			runOnlyForDeploymentPostprocessing = 0;
		};
		326F1D1B1C3A51F4001844F8 /* Frameworks */ = {
			isa = PBXFrameworksBuildPhase;
			buildActionMask = 2147483647;
			files = (
			);
			runOnlyForDeploymentPostprocessing = 0;
		};
/* End PBXFrameworksBuildPhase section */

/* Begin PBXGroup section */
		326F1CF11C3A51F4001844F8 = {
			isa = PBXGroup;
			children = (
				326F1D301C3A5365001844F8 /* www */,
				326F1CFC1C3A51F4001844F8 /* HTMLtoiOS */,
				326F1D161C3A51F4001844F8 /* HTMLtoiOSTests */,
				326F1D211C3A51F4001844F8 /* HTMLtoiOSUITests */,
				326F1CFB1C3A51F4001844F8 /* Products */,
			);
			sourceTree = "<group>";
		};
		326F1CFB1C3A51F4001844F8 /* Products */ = {
			isa = PBXGroup;
			children = (
				326F1CFA1C3A51F4001844F8 /* HTMLtoiOS.app */,
				326F1D131C3A51F4001844F8 /* HTMLtoiOSTests.xctest */,
				326F1D1E1C3A51F4001844F8 /* HTMLtoiOSUITests.xctest */,
			);
			name = Products;
			sourceTree = "<group>";
		};
		326F1CFC1C3A51F4001844F8 /* HTMLtoiOS */ = {
			isa = PBXGroup;
			children = (
				326F1D001C3A51F4001844F8 /* AppDelegate.h */,
				326F1D011C3A51F4001844F8 /* AppDelegate.m */,
				326F1D351C3A5884001844F8 /* WebViewController.h */,
				326F1D361C3A5884001844F8 /* WebViewController.m */,
				326F1D381C3A5D1B001844F8 /* MyViewController.h */,
				326F1D391C3A5D1B001844F8 /* MyViewController.m */,
				326F1D061C3A51F4001844F8 /* Main.storyboard */,
				326F1D091C3A51F4001844F8 /* Assets.xcassets */,
				326F1D0B1C3A51F4001844F8 /* LaunchScreen.storyboard */,
				326F1D0E1C3A51F4001844F8 /* Info.plist */,
				326F1CFD1C3A51F4001844F8 /* Supporting Files */,
			);
			path = HTMLtoiOS;
			sourceTree = "<group>";
		};
		326F1CFD1C3A51F4001844F8 /* Supporting Files */ = {
			isa = PBXGroup;
			children = (
				326F1CFE1C3A51F4001844F8 /* main.m */,
			);
			name = "Supporting Files";
			sourceTree = "<group>";
		};
		326F1D161C3A51F4001844F8 /* HTMLtoiOSTests */ = {
			isa = PBXGroup;
			children = (
				326F1D171C3A51F4001844F8 /* HTMLtoiOSTests.m */,
				326F1D191C3A51F4001844F8 /* Info.plist */,
			);
			path = HTMLtoiOSTests;
			sourceTree = "<group>";
		};
		326F1D211C3A51F4001844F8 /* HTMLtoiOSUITests */ = {
			isa = PBXGroup;
			children = (
				326F1D221C3A51F5001844F8 /* HTMLtoiOSUITests.m */,
				326F1D241C3A51F5001844F8 /* Info.plist */,
			);
			path = HTMLtoiOSUITests;
			sourceTree = "<group>";
		};
/* End PBXGroup section */

/* Begin PBXNativeTarget section */
		326F1CF91C3A51F4001844F8 /* HTMLtoiOS */ = {
			isa = PBXNativeTarget;
			buildConfigurationList = 326F1D271C3A51F5001844F8 /* Build configuration list for PBXNativeTarget "HTMLtoiOS" */;
			buildPhases = (
				326F1CF61C3A51F4001844F8 /* Sources */,
				326F1CF71C3A51F4001844F8 /* Frameworks */,
				326F1CF81C3A51F4001844F8 /* Resources */,
			);
			buildRules = (
			);
			dependencies = (
			);
			name = HTMLtoiOS;
			productName = HTMLtoiOS;
			productReference = 326F1CFA1C3A51F4001844F8 /* HTMLtoiOS.app */;
			productType = "com.apple.product-type.application";
		};
		326F1D121C3A51F4001844F8 /* HTMLtoiOSTests */ = {
			isa = PBXNativeTarget;
			buildConfigurationList = 326F1D2A1C3A51F5001844F8 /* Build configuration list for PBXNativeTarget "HTMLtoiOSTests" */;
			buildPhases = (
				326F1D0F1C3A51F4001844F8 /* Sources */,
				326F1D101C3A51F4001844F8 /* Frameworks */,
				326F1D111C3A51F4001844F8 /* Resources */,
			);
			buildRules = (
			);
			dependencies = (
				326F1D151C3A51F4001844F8 /* PBXTargetDependency */,
			);
			name = HTMLtoiOSTests;
			productName = HTMLtoiOSTests;
			productReference = 326F1D131C3A51F4001844F8 /* HTMLtoiOSTests.xctest */;
			productType = "com.apple.product-type.bundle.unit-test";
		};
		326F1D1D1C3A51F4001844F8 /* HTMLtoiOSUITests */ = {
			isa = PBXNativeTarget;
			buildConfigurationList = 326F1D2D1C3A51F5001844F8 /* Build configuration list for PBXNativeTarget "HTMLtoiOSUITests" */;
			buildPhases = (
				326F1D1A1C3A51F4001844F8 /* Sources */,
				326F1D1B1C3A51F4001844F8 /* Frameworks */,
				326F1D1C1C3A51F4001844F8 /* Resources */,
			);
			buildRules = (
			);
			dependencies = (
				326F1D201C3A51F4001844F8 /* PBXTargetDependency */,
			);
			name = HTMLtoiOSUITests;
			productName = HTMLtoiOSUITests;
			productReference = 326F1D1E1C3A51F4001844F8 /* HTMLtoiOSUITests.xctest */;
			productType = "com.apple.product-type.bundle.ui-testing";
		};
/* End PBXNativeTarget section */

/* Begin PBXProject section */
		326F1CF21C3A51F4001844F8 /* Project object */ = {
			isa = PBXProject;
			attributes = {
				LastUpgradeCheck = 0710;
				ORGANIZATIONNAME = "Konstant Info Solutions Pvt. Ltd.";
				TargetAttributes = {
					326F1CF91C3A51F4001844F8 = {
						CreatedOnToolsVersion = 7.1;
					};
					326F1D121C3A51F4001844F8 = {
						CreatedOnToolsVersion = 7.1;
						TestTargetID = 326F1CF91C3A51F4001844F8;
					};
					326F1D1D1C3A51F4001844F8 = {
						CreatedOnToolsVersion = 7.1;
						TestTargetID = 326F1CF91C3A51F4001844F8;
					};
				};
			};
			buildConfigurationList = 326F1CF51C3A51F4001844F8 /* Build configuration list for PBXProject "HTMLtoiOS" */;
			compatibilityVersion = "Xcode 3.2";
			developmentRegion = English;
			hasScannedForEncodings = 0;
			knownRegions = (
				en,
				Base,
			);
			mainGroup = 326F1CF11C3A51F4001844F8;
			productRefGroup = 326F1CFB1C3A51F4001844F8 /* Products */;
			projectDirPath = "";
			projectRoot = "";
			targets = (
				326F1CF91C3A51F4001844F8 /* HTMLtoiOS */,
				326F1D121C3A51F4001844F8 /* HTMLtoiOSTests */,
				326F1D1D1C3A51F4001844F8 /* HTMLtoiOSUITests */,
			);
		};
/* End PBXProject section */

/* Begin PBXResourcesBuildPhase section */
		326F1CF81C3A51F4001844F8 /* Resources */ = {
			isa = PBXResourcesBuildPhase;
			buildActionMask = 2147483647;
			files = (
				326F1D311C3A5365001844F8 /* www in Resources */,
				326F1D0D1C3A51F4001844F8 /* LaunchScreen.storyboard in Resources */,
				326F1D0A1C3A51F4001844F8 /* Assets.xcassets in Resources */,
				326F1D081C3A51F4001844F8 /* Main.storyboard in Resources */,
			);
			runOnlyForDeploymentPostprocessing = 0;
		};
		326F1D111C3A51F4001844F8 /* Resources */ = {
			isa = PBXResourcesBuildPhase;
			buildActionMask = 2147483647;
			files = (
			);
			runOnlyForDeploymentPostprocessing = 0;
		};
		326F1D1C1C3A51F4001844F8 /* Resources */ = {
			isa = PBXResourcesBuildPhase;
			buildActionMask = 2147483647;
			files = (
			);
			runOnlyForDeploymentPostprocessing = 0;
		};
/* End PBXResourcesBuildPhase section */

/* Begin PBXSourcesBuildPhase section */
		326F1CF61C3A51F4001844F8 /* Sources */ = {
			isa = PBXSourcesBuildPhase;
			buildActionMask = 2147483647;
			files = (
				326F1D3A1C3A5D1B001844F8 /* MyViewController.m in Sources */,
				326F1D371C3A5884001844F8 /* WebViewController.m in Sources */,
				326F1D021C3A51F4001844F8 /* AppDelegate.m in Sources */,
				326F1CFF1C3A51F4001844F8 /* main.m in Sources */,
			);
			runOnlyForDeploymentPostprocessing = 0;
		};
		326F1D0F1C3A51F4001844F8 /* Sources */ = {
			isa = PBXSourcesBuildPhase;
			buildActionMask = 2147483647;
			files = (
				326F1D181C3A51F4001844F8 /* HTMLtoiOSTests.m in Sources */,
			);
			runOnlyForDeploymentPostprocessing = 0;
		};
		326F1D1A1C3A51F4001844F8 /* Sources */ = {
			isa = PBXSourcesBuildPhase;
			buildActionMask = 2147483647;
			files = (
				326F1D231C3A51F5001844F8 /* HTMLtoiOSUITests.m in Sources */,
			);
			runOnlyForDeploymentPostprocessing = 0;
		};
/* End PBXSourcesBuildPhase section */

/* Begin PBXTargetDependency section */
		326F1D151C3A51F4001844F8 /* PBXTargetDependency */ = {
			isa = PBXTargetDependency;
			target = 326F1CF91C3A51F4001844F8 /* HTMLtoiOS */;
			targetProxy = 326F1D141C3A51F4001844F8 /* PBXContainerItemProxy */;
		};
		326F1D201C3A51F4001844F8 /* PBXTargetDependency */ = {
			isa = PBXTargetDependency;
			target = 326F1CF91C3A51F4001844F8 /* HTMLtoiOS */;
			targetProxy = 326F1D1F1C3A51F4001844F8 /* PBXContainerItemProxy */;
		};
/* End PBXTargetDependency section */

/* Begin PBXVariantGroup section */
		326F1D061C3A51F4001844F8 /* Main.storyboard */ = {
			isa = PBXVariantGroup;
			children = (
				326F1D071C3A51F4001844F8 /* Base */,
			);
			name = Main.storyboard;
			sourceTree = "<group>";
		};
		326F1D0B1C3A51F4001844F8 /* LaunchScreen.storyboard */ = {
			isa = PBXVariantGroup;
			children = (
				326F1D0C1C3A51F4001844F8 /* Base */,
			);
			name = LaunchScreen.storyboard;
			sourceTree = "<group>";
		};
/* End PBXVariantGroup section */

/* Begin XCBuildConfiguration section */
		326F1D251C3A51F5001844F8 /* Debug */ = {
			isa = XCBuildConfiguration;
			buildSettings = {
				ALWAYS_SEARCH_USER_PATHS = NO;
				CLANG_CXX_LANGUAGE_STANDARD = "gnu++0x";
				CLANG_CXX_LIBRARY = "libc++";
				CLANG_ENABLE_MODULES = YES;
				CLANG_ENABLE_OBJC_ARC = YES;
				CLANG_WARN_BOOL_CONVERSION = YES;
				CLANG_WARN_CONSTANT_CONVERSION = YES;
				CLANG_WARN_DIRECT_OBJC_ISA_USAGE = YES_ERROR;
				CLANG_WARN_EMPTY_BODY = YES;
				CLANG_WARN_ENUM_CONVERSION = YES;
				CLANG_WARN_INT_CONVERSION = YES;
				CLANG_WARN_OBJC_ROOT_CLASS = YES_ERROR;
				CLANG_WARN_UNREACHABLE_CODE = YES;
				CLANG_WARN__DUPLICATE_METHOD_MATCH = YES;
				"CODE_SIGN_IDENTITY[sdk=iphoneos*]" = "iPhone Developer";
				COPY_PHASE_STRIP = NO;
				DEBUG_INFORMATION_FORMAT = dwarf;
				ENABLE_STRICT_OBJC_MSGSEND = YES;
				ENABLE_TESTABILITY = YES;
				GCC_C_LANGUAGE_STANDARD = gnu99;
				GCC_DYNAMIC_NO_PIC = NO;
				GCC_NO_COMMON_BLOCKS = YES;
				GCC_OPTIMIZATION_LEVEL = 0;
				GCC_PREPROCESSOR_DEFINITIONS = (
					"DEBUG=1",
					"$(inherited)",
				);
				GCC_WARN_64_TO_32_BIT_CONVERSION = YES;
				GCC_WARN_ABOUT_RETURN_TYPE = YES_ERROR;
				GCC_WARN_UNDECLARED_SELECTOR = YES;
				GCC_WARN_UNINITIALIZED_AUTOS = YES_AGGRESSIVE;
				GCC_WARN_UNUSED_FUNCTION = YES;
				GCC_WARN_UNUSED_VARIABLE = YES;
				IPHONEOS_DEPLOYMENT_TARGET = 9.1;
				MTL_ENABLE_DEBUG_INFO = YES;
				ONLY_ACTIVE_ARCH = YES;
				SDKROOT = iphoneos;
				TARGETED_DEVICE_FAMILY = "1,2";
			};
			name = Debug;
		};
		326F1D261C3A51F5001844F8 /* Release */ = {
			isa = XCBuildConfiguration;
			buildSettings = {
				ALWAYS_SEARCH_USER_PATHS = NO;
				CLANG_CXX_LANGUAGE_STANDARD = "gnu++0x";
				CLANG_CXX_LIBRARY = "libc++";
				CLANG_ENABLE_MODULES = YES;
				CLANG_ENABLE_OBJC_ARC = YES;
				CLANG_WARN_BOOL_CONVERSION = YES;
				CLANG_WARN_CONSTANT_CONVERSION = YES;
				CLANG_WARN_DIRECT_OBJC_ISA_USAGE = YES_ERROR;
				CLANG_WARN_EMPTY_BODY = YES;
				CLANG_WARN_ENUM_CONVERSION = YES;
				CLANG_WARN_INT_CONVERSION = YES;
				CLANG_WARN_OBJC_ROOT_CLASS = YES_ERROR;
				CLANG_WARN_UNREACHABLE_CODE = YES;
				CLANG_WARN__DUPLICATE_METHOD_MATCH = YES;
				"CODE_SIGN_IDENTITY[sdk=iphoneos*]" = "iPhone Developer";
				COPY_PHASE_STRIP = NO;
				DEBUG_INFORMATION_FORMAT = "dwarf-with-dsym";
				ENABLE_NS_ASSERTIONS = NO;
				ENABLE_STRICT_OBJC_MSGSEND = YES;
				GCC_C_LANGUAGE_STANDARD = gnu99;
				GCC_NO_COMMON_BLOCKS = YES;
				GCC_WARN_64_TO_32_BIT_CONVERSION = YES;
				GCC_WARN_ABOUT_RETURN_TYPE = YES_ERROR;
				GCC_WARN_UNDECLARED_SELECTOR = YES;
				GCC_WARN_UNINITIALIZED_AUTOS = YES_AGGRESSIVE;
				GCC_WARN_UNUSED_FUNCTION = YES;
				GCC_WARN_UNUSED_VARIABLE = YES;
				IPHONEOS_DEPLOYMENT_TARGET = 9.1;
				MTL_ENABLE_DEBUG_INFO = NO;
				SDKROOT = iphoneos;
				TARGETED_DEVICE_FAMILY = "1,2";
				VALIDATE_PRODUCT = YES;
			};
			name = Release;
		};
		326F1D281C3A51F5001844F8 /* Debug */ = {
			isa = XCBuildConfiguration;
			buildSettings = {
				ASSETCATALOG_COMPILER_APPICON_NAME = AppIcon;
				INFOPLIST_FILE = HTMLtoiOS/Info.plist;
				LD_RUNPATH_SEARCH_PATHS = "$(inherited) @executable_path/Frameworks";
				PRODUCT_BUNDLE_IDENTIFIER = com.kipl.HTMLtoiOS;
				PRODUCT_NAME = "$(TARGET_NAME)";
			};
			name = Debug;
		};
		326F1D291C3A51F5001844F8 /* Release */ = {
			isa = XCBuildConfiguration;
			buildSettings = {
				ASSETCATALOG_COMPILER_APPICON_NAME = AppIcon;
				INFOPLIST_FILE = HTMLtoiOS/Info.plist;
				LD_RUNPATH_SEARCH_PATHS = "$(inherited) @executable_path/Frameworks";
				PRODUCT_BUNDLE_IDENTIFIER = com.kipl.HTMLtoiOS;
				PRODUCT_NAME = "$(TARGET_NAME)";
			};
			name = Release;
		};
		326F1D2B1C3A51F5001844F8 /* Debug */ = {
			isa = XCBuildConfiguration;
			buildSettings = {
				BUNDLE_LOADER = "$(TEST_HOST)";
				INFOPLIST_FILE = HTMLtoiOSTests/Info.plist;
				LD_RUNPATH_SEARCH_PATHS = "$(inherited) @executable_path/Frameworks @loader_path/Frameworks";
				PRODUCT_BUNDLE_IDENTIFIER = com.kipl.HTMLtoiOSTests;
				PRODUCT_NAME = "$(TARGET_NAME)";
				TEST_HOST = "$(BUILT_PRODUCTS_DIR)/HTMLtoiOS.app/HTMLtoiOS";
			};
			name = Debug;
		};
		326F1D2C1C3A51F5001844F8 /* Release */ = {
			isa = XCBuildConfiguration;
			buildSettings = {
				BUNDLE_LOADER = "$(TEST_HOST)";
				INFOPLIST_FILE = HTMLtoiOSTests/Info.plist;
				LD_RUNPATH_SEARCH_PATHS = "$(inherited) @executable_path/Frameworks @loader_path/Frameworks";
				PRODUCT_BUNDLE_IDENTIFIER = com.kipl.HTMLtoiOSTests;
				PRODUCT_NAME = "$(TARGET_NAME)";
				TEST_HOST = "$(BUILT_PRODUCTS_DIR)/HTMLtoiOS.app/HTMLtoiOS";
			};
			name = Release;
		};
		326F1D2E1C3A51F5001844F8 /* Debug */ = {
			isa = XCBuildConfiguration;
			buildSettings = {
				INFOPLIST_FILE = HTMLtoiOSUITests/Info.plist;
				LD_RUNPATH_SEARCH_PATHS = "$(inherited) @executable_path/Frameworks @loader_path/Frameworks";
				PRODUCT_BUNDLE_IDENTIFIER = com.kipl.HTMLtoiOSUITests;
				PRODUCT_NAME = "$(TARGET_NAME)";
				TEST_TARGET_NAME = HTMLtoiOS;
				USES_XCTRUNNER = YES;
			};
			name = Debug;
		};
		326F1D2F1C3A51F5001844F8 /* Release */ = {
			isa = XCBuildConfiguration;
			buildSettings = {
				INFOPLIST_FILE = HTMLtoiOSUITests/Info.plist;
				LD_RUNPATH_SEARCH_PATHS = "$(inherited) @executable_path/Frameworks @loader_path/Frameworks";
				PRODUCT_BUNDLE_IDENTIFIER = com.kipl.HTMLtoiOSUITests;
				PRODUCT_NAME = "$(TARGET_NAME)";
				TEST_TARGET_NAME = HTMLtoiOS;
				USES_XCTRUNNER = YES;
			};
			name = Release;
		};
/* End XCBuildConfiguration section */

/* Begin XCConfigurationList section */
		326F1CF51C3A51F4001844F8 /* Build configuration list for PBXProject "HTMLtoiOS" */ = {
			isa = XCConfigurationList;
			buildConfigurations = (
				326F1D251C3A51F5001844F8 /* Debug */,
				326F1D261C3A51F5001844F8 /* Release */,
			);
			defaultConfigurationIsVisible = 0;
			defaultConfigurationName = Release;
		};
		326F1D271C3A51F5001844F8 /* Build configuration list for PBXNativeTarget "HTMLtoiOS" */ = {
			isa = XCConfigurationList;
			buildConfigurations = (
				326F1D281C3A51F5001844F8 /* Debug */,
				326F1D291C3A51F5001844F8 /* Release */,
			);
			defaultConfigurationIsVisible = 0;
		};
		326F1D2A1C3A51F5001844F8 /* Build configuration list for PBXNativeTarget "HTMLtoiOSTests" */ = {
			isa = XCConfigurationList;
			buildConfigurations = (
				326F1D2B1C3A51F5001844F8 /* Debug */,
				326F1D2C1C3A51F5001844F8 /* Release */,
			);
			defaultConfigurationIsVisible = 0;
		};
		326F1D2D1C3A51F5001844F8 /* Build configuration list for PBXNativeTarget "HTMLtoiOSUITests" */ = {
			isa = XCConfigurationList;
			buildConfigurations = (
				326F1D2E1C3A51F5001844F8 /* Debug */,
				326F1D2F1C3A51F5001844F8 /* Release */,
			);
			defaultConfigurationIsVisible = 0;
		};
/* End XCConfigurationList section */
	};
	rootObject = 326F1CF21C3A51F4001844F8 /* Project object */;
}
